
Microsoft Visual Studio Solution File, Format Version 12.00
# Visual Studio 15
VisualStudioVersion = 15.0.28010.2026
MinimumVisualStudioVersion = 10.0.40219.1
Project("{9A19103F-16F7-4668-BE54-9A1E7A4F7556}") = "Eventures.Web", "Eventures.Web\Eventures.Web.csproj", "{CB5059DD-F99F-45F3-A936-CD1B001FEBF8}"
EndProject
Project("{9A19103F-16F7-4668-BE54-9A1E7A4F7556}") = "Eventures.Data", "Eventures.Data\Eventures.Data.csproj", "{36B6FA18-8721-4F67-ABE2-B377A92EAAD6}"
EndProject
Project("{9A19103F-16F7-4668-BE54-9A1E7A4F7556}") = "Eventures.Models", "Eventures.Models\Eventures.Models.csproj", "{FDBA1939-9C99-413F-92EA-F5C63BED711F}"
EndProject
Project("{FAE04EC0-301F-11D3-BF4B-00C04F79EFBC}") = "Eventures.Services", "Eventures.Services\Eventures.Services.csproj", "{ADF1197E-9A21-40E5-97B8-5F52197F4BB8}"
EndProject
Global
	GlobalSection(SolutionConfigurationPlatforms) = preSolution
		Debug|Any CPU = Debug|Any CPU
		Release|Any CPU = Release|Any CPU
	EndGlobalSection
	GlobalSection(ProjectConfigurationPlatforms) = postSolution
		{CB5059DD-F99F-45F3-A936-CD1B001FEBF8}.Debug|Any CPU.ActiveCfg = Debug|Any CPU
		{CB5059DD-F99F-45F3-A936-CD1B001FEBF8}.Debug|Any CPU.Build.0 = Debug|Any CPU
		{CB5059DD-F99F-45F3-A936-CD1B001FEBF8}.Release|Any CPU.ActiveCfg = Release|Any CPU
		{CB5059DD-F99F-45F3-A936-CD1B001FEBF8}.Release|Any CPU.Build.0 = Release|Any CPU
		{36B6FA18-8721-4F67-ABE2-B377A92EAAD6}.Debug|Any CPU.ActiveCfg = Debug|Any CPU
		{36B6FA18-8721-4F67-ABE2-B377A92EAAD6}.Debug|Any CPU.Build.0 = Debug|Any CPU
		{36B6FA18-8721-4F67-ABE2-B377A92EAAD6}.Release|Any CPU.ActiveCfg = Release|Any CPU
		{36B6FA18-8721-4F67-ABE2-B377A92EAAD6}.Release|Any CPU.Build.0 = Release|Any CPU
		{FDBA1939-9C99-413F-92EA-F5C63BED711F}.Debug|Any CPU.ActiveCfg = Debug|Any CPU
		{FDBA1939-9C99-413F-92EA-F5C63BED711F}.Debug|Any CPU.Build.0 = Debug|Any CPU
		{FDBA1939-9C99-413F-92EA-F5C63BED711F}.Release|Any CPU.ActiveCfg = Release|Any CPU
		{FDBA1939-9C99-413F-92EA-F5C63BED711F}.Release|Any CPU.Build.0 = Release|Any CPU
		{ADF1197E-9A21-40E5-97B8-5F52197F4BB8}.Debug|Any CPU.ActiveCfg = Debug|Any CPU
		{ADF1197E-9A21-40E5-97B8-5F52197F4BB8}.Debug|Any CPU.Build.0 = Debug|Any CPU
		{ADF1197E-9A21-40E5-97B8-5F52197F4BB8}.Release|Any CPU.ActiveCfg = Release|Any CPU
		{ADF1197E-9A21-40E5-97B8-5F52197F4BB8}.Release|Any CPU.Build.0 = Release|Any CPU
	EndGlobalSection
	GlobalSection(SolutionProperties) = preSolution
		HideSolutionNode = FALSE
	EndGlobalSection
	GlobalSection(ExtensibilityGlobals) = postSolution
		SolutionGuid = {16B6ED0A-5AFB-4153-A59A-869136E49A97}
	EndGlobalSection
EndGlobal
